// !$*UTF8*$!
{
	archiveVersion = 1;
	classes = {
	};
	objectVersion = 46;
	objects = {

/* Begin PBXBuildFile section */
		B8229F28159179E2006AEE53 /* UIKit.framework in Frameworks */ = {isa = PBXBuildFile; fileRef = B8229F27159179E2006AEE53 /* UIKit.framework */; };
		B8229F2A159179E2006AEE53 /* Foundation.framework in Frameworks */ = {isa = PBXBuildFile; fileRef = B8229F29159179E2006AEE53 /* Foundation.framework */; };
		B8229F2C159179E2006AEE53 /* CoreGraphics.framework in Frameworks */ = {isa = PBXBuildFile; fileRef = B8229F2B159179E2006AEE53 /* CoreGraphics.framework */; };
		B8229F32159179E2006AEE53 /* InfoPlist.strings in Resources */ = {isa = PBXBuildFile; fileRef = B8229F30159179E2006AEE53 /* InfoPlist.strings */; };
		B8229F34159179E2006AEE53 /* main.m in Sources */ = {isa = PBXBuildFile; fileRef = B8229F33159179E2006AEE53 /* main.m */; };
		B8229F38159179E2006AEE53 /* AppDelegate.m in Sources */ = {isa = PBXBuildFile; fileRef = B8229F37159179E2006AEE53 /* AppDelegate.m */; };
		B8229F3B159179E2006AEE53 /* ViewController.m in Sources */ = {isa = PBXBuildFile; fileRef = B8229F3A159179E2006AEE53 /* ViewController.m */; };
		B8229F3E159179E2006AEE53 /* ViewController.xib in Resources */ = {isa = PBXBuildFile; fileRef = B8229F3C159179E2006AEE53 /* ViewController.xib */; };
/* End PBXBuildFile section */

/* Begin PBXFileReference section */
		B8229F23159179E2006AEE53 /* AHToolbox.app */ = {isa = PBXFileReference; explicitFileType = wrapper.application; includeInIndex = 0; path = AHToolbox.app; sourceTree = BUILT_PRODUCTS_DIR; };
		B8229F27159179E2006AEE53 /* UIKit.framework */ = {isa = PBXFileReference; lastKnownFileType = wrapper.framework; name = UIKit.framework; path = System/Library/Frameworks/UIKit.framework; sourceTree = SDKROOT; };
		B8229F29159179E2006AEE53 /* Foundation.framework */ = {isa = PBXFileReference; lastKnownFileType = wrapper.framework; name = Foundation.framework; path = System/Library/Frameworks/Foundation.framework; sourceTree = SDKROOT; };
		B8229F2B159179E2006AEE53 /* CoreGraphics.framework */ = {isa = PBXFileReference; lastKnownFileType = wrapper.framework; name = CoreGraphics.framework; path = System/Library/Frameworks/CoreGraphics.framework; sourceTree = SDKROOT; };
		B8229F2F159179E2006AEE53 /* AHToolbox-Info.plist */ = {isa = PBXFileReference; path = "AHToolbox-Info.plist"; sourceTree = "<group>"; };
		B8229F31159179E2006AEE53 /* en */ = {isa = PBXFileReference; lastKnownFileType = text.plist.strings; name = en; path = en.lproj/InfoPlist.strings; sourceTree = "<group>"; };
		B8229F33159179E2006AEE53 /* main.m */ = {isa = PBXFileReference; lastKnownFileType = sourcecode.c.objc; path = main.m; sourceTree = "<group>"; };
		B8229F35159179E2006AEE53 /* AHToolbox-Prefix.pch */ = {isa = PBXFileReference; path = "AHToolbox-Prefix.pch"; sourceTree = "<group>"; };
		B8229F36159179E2006AEE53 /* AppDelegate.h */ = {isa = PBXFileReference; path = AppDelegate.h; sourceTree = "<group>"; };
		B8229F37159179E2006AEE53 /* AppDelegate.m */ = {isa = PBXFileReference; lastKnownFileType = sourcecode.c.objc; path = AppDelegate.m; sourceTree = "<group>"; };
		B8229F39159179E2006AEE53 /* ViewController.h */ = {isa = PBXFileReference; path = ViewController.h; sourceTree = "<group>"; };
		B8229F3A159179E2006AEE53 /* ViewController.m */ = {isa = PBXFileReference; lastKnownFileType = sourcecode.c.objc; path = ViewController.m; sourceTree = "<group>"; };
		B8229F3D159179E2006AEE53 /* en */ = {isa = PBXFileReference; lastKnownFileType = file.xib; name = en; path = en.lproj/ViewController.xib; sourceTree = "<group>"; };
/* End PBXFileReference section */

/* Begin PBXFrameworksBuildPhase section */
		B8229F20159179E2006AEE53 /* Frameworks */ = {
			isa = PBXFrameworksBuildPhase;
			buildActionMask = 2147483647;
			files = (
				B8229F28159179E2006AEE53 /* UIKit.framework in Frameworks */,
				B8229F2A159179E2006AEE53 /* Foundation.framework in Frameworks */,
				B8229F2C159179E2006AEE53 /* CoreGraphics.framework in Frameworks */,
			);
			runOnlyForDeploymentPostprocessing = 0;
		};
/* End PBXFrameworksBuildPhase section */

/* Begin PBXGroup section */
		B8229F18159179E2006AEE53 = {
			isa = PBXGroup;
			children = (
				B8229F2D159179E2006AEE53 /* AHToolbox */,
				B8229F26159179E2006AEE53 /* Frameworks */,
				B8229F24159179E2006AEE53 /* Products */,
			);
			sourceTree = "<group>";
		};
		B8229F24159179E2006AEE53 /* Products */ = {
			isa = PBXGroup;
			children = (
				B8229F23159179E2006AEE53 /* AHToolbox.app */,
			);
			name = Products;
			sourceTree = "<group>";
		};
		B8229F26159179E2006AEE53 /* Frameworks */ = {
			isa = PBXGroup;
			children = (
				B8229F27159179E2006AEE53 /* UIKit.framework */,
				B8229F29159179E2006AEE53 /* Foundation.framework */,
				B8229F2B159179E2006AEE53 /* CoreGraphics.framework */,
			);
			name = Frameworks;
			sourceTree = "<group>";
		};
		B8229F2D159179E2006AEE53 /* AHToolbox */ = {
			isa = PBXGroup;
			children = (
				B8229F36159179E2006AEE53 /* AppDelegate.h */,
				B8229F37159179E2006AEE53 /* AppDelegate.m */,
				B8229F39159179E2006AEE53 /* ViewController.h */,
				B8229F3A159179E2006AEE53 /* ViewController.m */,
				B8229F3C159179E2006AEE53 /* ViewController.xib */,
				B8229F2E159179E2006AEE53 /* Supporting Files */,
			);
			path = AHToolbox;
			sourceTree = "<group>";
		};
		B8229F2E159179E2006AEE53 /* Supporting Files */ = {
			isa = PBXGroup;
			children = (
				B8229F2F159179E2006AEE53 /* AHToolbox-Info.plist */,
				B8229F30159179E2006AEE53 /* InfoPlist.strings */,
				B8229F33159179E2006AEE53 /* main.m */,
				B8229F35159179E2006AEE53 /* AHToolbox-Prefix.pch */,
			);
			name = "Supporting Files";
			sourceTree = "<group>";
		};
/* End PBXGroup section */

/* Begin PBXNativeTarget section */
		B8229F22159179E2006AEE53 /* AHToolbox */ = {
			isa = PBXNativeTarget;
			buildConfigurationList = B8229F41159179E2006AEE53 /* Build configuration list for PBXNativeTarget "AHToolbox" */;
			buildPhases = (
				B8229F1F159179E2006AEE53 /* Sources */,
				B8229F20159179E2006AEE53 /* Frameworks */,
				B8229F21159179E2006AEE53 /* Resources */,
			);
			buildRules = (
			);
			dependencies = (
			);
			name = AHToolbox;
			productName = AHToolbox;
			productReference = B8229F23159179E2006AEE53 /* AHToolbox.app */;
			productType = "com.apple.product-type.application";
		};
/* End PBXNativeTarget section */

/* Begin PBXProject section */
		B8229F1A159179E2006AEE53 /* Project object */ = {
			isa = PBXProject;
			attributes = {
				LastUpgradeCheck = 0430;
			};
			buildConfigurationList = B8229F1D159179E2006AEE53 /* Build configuration list for PBXProject "AHToolbox" */;
			compatibilityVersion = "Xcode 3.2";
			developmentRegion = English;
			hasScannedForEncodings = 0;
			knownRegions = (
				en,
			);
			mainGroup = B8229F18159179E2006AEE53;
			productRefGroup = B8229F24159179E2006AEE53 /* Products */;
			projectDirPath = "";
			projectRoot = "";
			targets = (
				B8229F22159179E2006AEE53 /* AHToolbox */,
			);
		};
/* End PBXProject section */

/* Begin PBXResourcesBuildPhase section */
		B8229F21159179E2006AEE53 /* Resources */ = {
			isa = PBXResourcesBuildPhase;
			buildActionMask = 2147483647;
			files = (
				B8229F32159179E2006AEE53 /* InfoPlist.strings in Resources */,
				B8229F3E159179E2006AEE53 /* ViewController.xib in Resources */,
			);
			runOnlyForDeploymentPostprocessing = 0;
		};
/* End PBXResourcesBuildPhase section */

/* Begin PBXSourcesBuildPhase section */
		B8229F1F159179E2006AEE53 /* Sources */ = {
			isa = PBXSourcesBuildPhase;
			buildActionMask = 2147483647;
			files = (
				B8229F34159179E2006AEE53 /* main.m in Sources */,
				B8229F38159179E2006AEE53 /* AppDelegate.m in Sources */,
				B8229F3B159179E2006AEE53 /* ViewController.m in Sources */,
			);
			runOnlyForDeploymentPostprocessing = 0;
		};
/* End PBXSourcesBuildPhase section */

/* Begin PBXVariantGroup section */
		B8229F30159179E2006AEE53 /* InfoPlist.strings */ = {
			isa = PBXVariantGroup;
			children = (
				B8229F31159179E2006AEE53 /* en */,
			);
			name = InfoPlist.strings;
			sourceTree = "<group>";
		};
		B8229F3C159179E2006AEE53 /* ViewController.xib */ = {
			isa = PBXVariantGroup;
			children = (
				B8229F3D159179E2006AEE53 /* en */,
			);
			name = ViewController.xib;
			sourceTree = "<group>";
		};
/* End PBXVariantGroup section */

/* Begin XCBuildConfiguration section */
		B8229F3F159179E2006AEE53 /* Debug */ = {
			isa = XCBuildConfiguration;
			buildSettings = {
				ALWAYS_SEARCH_USER_PATHS = NO;
				ARCHS = "$(ARCHS_STANDARD_32_BIT)";
				CLANG_ENABLE_OBJC_ARC = YES;
				"CODE_SIGN_IDENTITY[sdk=iphoneos*]" = "iPhone Developer";
				COPY_PHASE_STRIP = NO;
				GCC_C_LANGUAGE_STANDARD = gnu99;
				GCC_DYNAMIC_NO_PIC = NO;
				GCC_OPTIMIZATION_LEVEL = 0;
				GCC_PREPROCESSOR_DEFINITIONS = (
					"DEBUG=1",
					"$(inherited)",
				);
				GCC_SYMBOLS_PRIVATE_EXTERN = NO;
				GCC_VERSION = com.apple.compilers.llvm.clang.1_0;
				GCC_WARN_ABOUT_RETURN_TYPE = YES;
				GCC_WARN_UNINITIALIZED_AUTOS = YES;
				GCC_WARN_UNUSED_VARIABLE = YES;
				IPHONEOS_DEPLOYMENT_TARGET = 5.1;
				SDKROOT = iphoneos;
			};
			name = Debug;
		};
		B8229F40159179E2006AEE53 /* Release */ = {
			isa = XCBuildConfiguration;
			buildSettings = {
				ALWAYS_SEARCH_USER_PATHS = NO;
				ARCHS = "$(ARCHS_STANDARD_32_BIT)";
				CLANG_ENABLE_OBJC_ARC = YES;
				"CODE_SIGN_IDENTITY[sdk=iphoneos*]" = "iPhone Developer";
				COPY_PHASE_STRIP = YES;
				GCC_C_LANGUAGE_STANDARD = gnu99;
				GCC_VERSION = com.apple.compilers.llvm.clang.1_0;
				GCC_WARN_ABOUT_RETURN_TYPE = YES;
				GCC_WARN_UNINITIALIZED_AUTOS = YES;
				GCC_WARN_UNUSED_VARIABLE = YES;
				IPHONEOS_DEPLOYMENT_TARGET = 5.1;
				OTHER_CFLAGS = "-DNS_BLOCK_ASSERTIONS=1";
				SDKROOT = iphoneos;
				VALIDATE_PRODUCT = YES;
			};
			name = Release;
		};
		B8229F42159179E2006AEE53 /* Debug */ = {
			isa = XCBuildConfiguration;
			buildSettings = {
				GCC_PRECOMPILE_PREFIX_HEADER = YES;
				GCC_PREFIX_HEADER = "AHToolbox/AHToolbox-Prefix.pch";
				INFOPLIST_FILE = "AHToolbox/AHToolbox-Info.plist";
				PRODUCT_NAME = "$(TARGET_NAME)";
				WRAPPER_EXTENSION = app;
			};
			name = Debug;
		};
		B8229F43159179E2006AEE53 /* Release */ = {
			isa = XCBuildConfiguration;
			buildSettings = {
				GCC_PRECOMPILE_PREFIX_HEADER = YES;
				GCC_PREFIX_HEADER = "AHToolbox/AHToolbox-Prefix.pch";
				INFOPLIST_FILE = "AHToolbox/AHToolbox-Info.plist";
				PRODUCT_NAME = "$(TARGET_NAME)";
				WRAPPER_EXTENSION = app;
			};
			name = Release;
		};
/* End XCBuildConfiguration section */

/* Begin XCConfigurationList section */
		B8229F1D159179E2006AEE53 /* Build configuration list for PBXProject "AHToolbox" */ = {
			isa = XCConfigurationList;
			buildConfigurations = (
				B8229F3F159179E2006AEE53 /* Debug */,
				B8229F40159179E2006AEE53 /* Release */,
			);
			defaultConfigurationIsVisible = 0;
			defaultConfigurationName = Release;
		};
		B8229F41159179E2006AEE53 /* Build configuration list for PBXNativeTarget "AHToolbox" */ = {
			isa = XCConfigurationList;
			buildConfigurations = (
				B8229F42159179E2006AEE53 /* Debug */,
				B8229F43159179E2006AEE53 /* Release */,
			);
			defaultConfigurationIsVisible = 0;
		};
/* End XCConfigurationList section */
	};
	rootObject = B8229F1A159179E2006AEE53 /* Project object */;
}
