// !$*UTF8*$!
{
	archiveVersion = 1;
	classes = {
	};
	objectVersion = 46;
	objects = {

/* Begin PBXBuildFile section */
		A8D37657C7C74728B47D943D /* libPods.a in Frameworks */ = {isa = PBXBuildFile; fileRef = 42D5F178D953411FBD943C39 /* libPods.a */; };
		B8229F28159179E2006AEE53 /* UIKit.framework in Frameworks */ = {isa = PBXBuildFile; fileRef = B8229F27159179E2006AEE53 /* UIKit.framework */; };
		B8229F2A159179E2006AEE53 /* Foundation.framework in Frameworks */ = {isa = PBXBuildFile; fileRef = B8229F29159179E2006AEE53 /* Foundation.framework */; };
		B8229F2C159179E2006AEE53 /* CoreGraphics.framework in Frameworks */ = {isa = PBXBuildFile; fileRef = B8229F2B159179E2006AEE53 /* CoreGraphics.framework */; };
		B8229F32159179E2006AEE53 /* InfoPlist.strings in Resources */ = {isa = PBXBuildFile; fileRef = B8229F30159179E2006AEE53 /* InfoPlist.strings */; };
		B8229F34159179E2006AEE53 /* main.m in Sources */ = {isa = PBXBuildFile; fileRef = B8229F33159179E2006AEE53 /* main.m */; };
		B8229F38159179E2006AEE53 /* AppDelegate.m in Sources */ = {isa = PBXBuildFile; fileRef = B8229F37159179E2006AEE53 /* AppDelegate.m */; };
		B8229F5215917CB8006AEE53 /* QuartzCore.framework in Frameworks */ = {isa = PBXBuildFile; fileRef = B8229F5115917CB8006AEE53 /* QuartzCore.framework */; };
		B8229F64159181DF006AEE53 /* AHAPIClient.m in Sources */ = {isa = PBXBuildFile; fileRef = B8229F63159181DF006AEE53 /* AHAPIClient.m */; };
		B8229F67159184CE006AEE53 /* URLParser.m in Sources */ = {isa = PBXBuildFile; fileRef = B8229F66159184CE006AEE53 /* URLParser.m */; };
		B822DC681592C0EE0041E429 /* RevealViewController.m in Sources */ = {isa = PBXBuildFile; fileRef = B822DC671592C0EE0041E429 /* RevealViewController.m */; };
		B822DC6C1592CB020041E429 /* ApplicationMenuViewController.m in Sources */ = {isa = PBXBuildFile; fileRef = B822DC6A1592CB020041E429 /* ApplicationMenuViewController.m */; };
		B822DC6D1592CB020041E429 /* ApplicationMenuViewController.xib in Resources */ = {isa = PBXBuildFile; fileRef = B822DC6B1592CB020041E429 /* ApplicationMenuViewController.xib */; };
		B822DC711592CB220041E429 /* SelectedApplicationViewController.m in Sources */ = {isa = PBXBuildFile; fileRef = B822DC6F1592CB210041E429 /* SelectedApplicationViewController.m */; };
		B822DC721592CB220041E429 /* SelectedApplicationViewController.xib in Resources */ = {isa = PBXBuildFile; fileRef = B822DC701592CB220041E429 /* SelectedApplicationViewController.xib */; };
		B822DC791592CE330041E429 /* Application.m in Sources */ = {isa = PBXBuildFile; fileRef = B822DC781592CE330041E429 /* Application.m */; };
		B848438A15995DE700995337 /* BuildsViewController.m in Sources */ = {isa = PBXBuildFile; fileRef = B848438815995DE700995337 /* BuildsViewController.m */; };
		B848438B15995DE700995337 /* BuildsViewController.xib in Resources */ = {isa = PBXBuildFile; fileRef = B848438915995DE700995337 /* BuildsViewController.xib */; };
		B84843901599652100995337 /* ErrorsViewController.m in Sources */ = {isa = PBXBuildFile; fileRef = B848438E1599652000995337 /* ErrorsViewController.m */; };
		B84843911599652100995337 /* ErrorsViewController.xib in Resources */ = {isa = PBXBuildFile; fileRef = B848438F1599652000995337 /* ErrorsViewController.xib */; };
		B8484395159966BA00995337 /* CollaboratorsViewController.m in Sources */ = {isa = PBXBuildFile; fileRef = B8484393159966BA00995337 /* CollaboratorsViewController.m */; };
		B8484396159966BA00995337 /* CollaboratorsViewController.xib in Resources */ = {isa = PBXBuildFile; fileRef = B8484394159966BA00995337 /* CollaboratorsViewController.xib */; };
		B848439A1599700B00995337 /* SelectedBuildViewController.m in Sources */ = {isa = PBXBuildFile; fileRef = B84843981599700B00995337 /* SelectedBuildViewController.m */; };
		B848439B1599700B00995337 /* SelectedBuildViewController.xib in Resources */ = {isa = PBXBuildFile; fileRef = B84843991599700B00995337 /* SelectedBuildViewController.xib */; };
		B84843A0159972D900995337 /* PXComponentKit.framework in Frameworks */ = {isa = PBXBuildFile; fileRef = B848439E159972D900995337 /* PXComponentKit.framework */; };
		B84843A1159972D900995337 /* PXShapeKit.framework in Frameworks */ = {isa = PBXBuildFile; fileRef = B848439F159972D900995337 /* PXShapeKit.framework */; };
		B84843AC159978D300995337 /* Blue.png in Resources */ = {isa = PBXBuildFile; fileRef = B84843A3159978D300995337 /* Blue.png */; };
		B84843AD159978D300995337 /* Blue@2x.png in Resources */ = {isa = PBXBuildFile; fileRef = B84843A4159978D300995337 /* Blue@2x.png */; };
		B84843AE159978D300995337 /* MKInfoPanel.xib in Resources */ = {isa = PBXBuildFile; fileRef = B84843A5159978D300995337 /* MKInfoPanel.xib */; };
		B84843AF159978D300995337 /* Red.png in Resources */ = {isa = PBXBuildFile; fileRef = B84843A6159978D300995337 /* Red.png */; };
		B84843B0159978D300995337 /* Red@2x.png in Resources */ = {isa = PBXBuildFile; fileRef = B84843A7159978D300995337 /* Red@2x.png */; };
		B84843B1159978D300995337 /* Tick.png in Resources */ = {isa = PBXBuildFile; fileRef = B84843A8159978D300995337 /* Tick.png */; };
		B84843B2159978D300995337 /* Tick@2x.png in Resources */ = {isa = PBXBuildFile; fileRef = B84843A9159978D300995337 /* Tick@2x.png */; };
		B84843B3159978D300995337 /* Warning.png in Resources */ = {isa = PBXBuildFile; fileRef = B84843AA159978D300995337 /* Warning.png */; };
		B84843B4159978D300995337 /* Warning@2x.png in Resources */ = {isa = PBXBuildFile; fileRef = B84843AB159978D300995337 /* Warning@2x.png */; };
		B89ADAED15941F37000143D0 /* NewAppViewController.m in Sources */ = {isa = PBXBuildFile; fileRef = B89ADAEB15941F37000143D0 /* NewAppViewController.m */; };
		B89ADAEE15941F37000143D0 /* NewAppViewController.xib in Resources */ = {isa = PBXBuildFile; fileRef = B89ADAEC15941F37000143D0 /* NewAppViewController.xib */; };
/* End PBXBuildFile section */

/* Begin PBXFileReference section */
		42D5F178D953411FBD943C39 /* libPods.a */ = {isa = PBXFileReference; explicitFileType = archive.ar; includeInIndex = 0; path = libPods.a; sourceTree = BUILT_PRODUCTS_DIR; };
		9B12595EE8ED48FC8B726C36 /* Pods.xcconfig */ = {isa = PBXFileReference; lastKnownFileType = text.xcconfig; name = Pods.xcconfig; path = Pods/Pods.xcconfig; sourceTree = SOURCE_ROOT; };
		B8229F23159179E2006AEE53 /* AHToolbox.app */ = {isa = PBXFileReference; explicitFileType = wrapper.application; includeInIndex = 0; path = AHToolbox.app; sourceTree = BUILT_PRODUCTS_DIR; };
		B8229F27159179E2006AEE53 /* UIKit.framework */ = {isa = PBXFileReference; lastKnownFileType = wrapper.framework; name = UIKit.framework; path = System/Library/Frameworks/UIKit.framework; sourceTree = SDKROOT; };
		B8229F29159179E2006AEE53 /* Foundation.framework */ = {isa = PBXFileReference; lastKnownFileType = wrapper.framework; name = Foundation.framework; path = System/Library/Frameworks/Foundation.framework; sourceTree = SDKROOT; };
		B8229F2B159179E2006AEE53 /* CoreGraphics.framework */ = {isa = PBXFileReference; lastKnownFileType = wrapper.framework; name = CoreGraphics.framework; path = System/Library/Frameworks/CoreGraphics.framework; sourceTree = SDKROOT; };
		B8229F2F159179E2006AEE53 /* AHToolbox-Info.plist */ = {isa = PBXFileReference; lastKnownFileType = text.plist.xml; path = "AHToolbox-Info.plist"; sourceTree = "<group>"; };
		B8229F31159179E2006AEE53 /* en */ = {isa = PBXFileReference; lastKnownFileType = text.plist.strings; name = en; path = en.lproj/InfoPlist.strings; sourceTree = "<group>"; };
		B8229F33159179E2006AEE53 /* main.m */ = {isa = PBXFileReference; lastKnownFileType = sourcecode.c.objc; path = main.m; sourceTree = "<group>"; };
		B8229F35159179E2006AEE53 /* AHToolbox-Prefix.pch */ = {isa = PBXFileReference; lastKnownFileType = sourcecode.c.h; path = "AHToolbox-Prefix.pch"; sourceTree = "<group>"; };
		B8229F36159179E2006AEE53 /* AppDelegate.h */ = {isa = PBXFileReference; lastKnownFileType = sourcecode.c.h; path = AppDelegate.h; sourceTree = "<group>"; };
		B8229F37159179E2006AEE53 /* AppDelegate.m */ = {isa = PBXFileReference; lastKnownFileType = sourcecode.c.objc; path = AppDelegate.m; sourceTree = "<group>"; };
		B8229F4F15917B8F006AEE53 /* Macros.h */ = {isa = PBXFileReference; lastKnownFileType = sourcecode.c.h; path = Macros.h; sourceTree = "<group>"; };
		B8229F5015917B9B006AEE53 /* Const.h */ = {isa = PBXFileReference; lastKnownFileType = sourcecode.c.h; path = Const.h; sourceTree = "<group>"; };
		B8229F5115917CB8006AEE53 /* QuartzCore.framework */ = {isa = PBXFileReference; lastKnownFileType = wrapper.framework; name = QuartzCore.framework; path = System/Library/Frameworks/QuartzCore.framework; sourceTree = SDKROOT; };
		B8229F62159181DF006AEE53 /* AHAPIClient.h */ = {isa = PBXFileReference; fileEncoding = 4; lastKnownFileType = sourcecode.c.h; path = AHAPIClient.h; sourceTree = "<group>"; };
		B8229F63159181DF006AEE53 /* AHAPIClient.m */ = {isa = PBXFileReference; fileEncoding = 4; lastKnownFileType = sourcecode.c.objc; path = AHAPIClient.m; sourceTree = "<group>"; };
		B8229F65159184CE006AEE53 /* URLParser.h */ = {isa = PBXFileReference; fileEncoding = 4; lastKnownFileType = sourcecode.c.h; path = URLParser.h; sourceTree = "<group>"; };
		B8229F66159184CE006AEE53 /* URLParser.m */ = {isa = PBXFileReference; fileEncoding = 4; lastKnownFileType = sourcecode.c.objc; path = URLParser.m; sourceTree = "<group>"; };
		B822DC661592C0EE0041E429 /* RevealViewController.h */ = {isa = PBXFileReference; fileEncoding = 4; lastKnownFileType = sourcecode.c.h; path = RevealViewController.h; sourceTree = "<group>"; };
		B822DC671592C0EE0041E429 /* RevealViewController.m */ = {isa = PBXFileReference; fileEncoding = 4; lastKnownFileType = sourcecode.c.objc; path = RevealViewController.m; sourceTree = "<group>"; };
		B822DC691592CB020041E429 /* ApplicationMenuViewController.h */ = {isa = PBXFileReference; fileEncoding = 4; lastKnownFileType = sourcecode.c.h; path = ApplicationMenuViewController.h; sourceTree = "<group>"; };
		B822DC6A1592CB020041E429 /* ApplicationMenuViewController.m */ = {isa = PBXFileReference; fileEncoding = 4; lastKnownFileType = sourcecode.c.objc; path = ApplicationMenuViewController.m; sourceTree = "<group>"; };
		B822DC6B1592CB020041E429 /* ApplicationMenuViewController.xib */ = {isa = PBXFileReference; fileEncoding = 4; lastKnownFileType = file.xib; path = ApplicationMenuViewController.xib; sourceTree = "<group>"; };
		B822DC6E1592CB210041E429 /* SelectedApplicationViewController.h */ = {isa = PBXFileReference; fileEncoding = 4; lastKnownFileType = sourcecode.c.h; path = SelectedApplicationViewController.h; sourceTree = "<group>"; };
		B822DC6F1592CB210041E429 /* SelectedApplicationViewController.m */ = {isa = PBXFileReference; fileEncoding = 4; lastKnownFileType = sourcecode.c.objc; path = SelectedApplicationViewController.m; sourceTree = "<group>"; };
		B822DC701592CB220041E429 /* SelectedApplicationViewController.xib */ = {isa = PBXFileReference; fileEncoding = 4; lastKnownFileType = file.xib; path = SelectedApplicationViewController.xib; sourceTree = "<group>"; };
		B822DC731592CD910041E429 /* AHDomainObject.h */ = {isa = PBXFileReference; fileEncoding = 4; lastKnownFileType = sourcecode.c.h; path = AHDomainObject.h; sourceTree = "<group>"; };
		B822DC771592CE330041E429 /* Application.h */ = {isa = PBXFileReference; fileEncoding = 4; lastKnownFileType = sourcecode.c.h; path = Application.h; sourceTree = "<group>"; };
		B822DC781592CE330041E429 /* Application.m */ = {isa = PBXFileReference; fileEncoding = 4; lastKnownFileType = sourcecode.c.objc; path = Application.m; sourceTree = "<group>"; };
		B848438715995DE700995337 /* BuildsViewController.h */ = {isa = PBXFileReference; fileEncoding = 4; lastKnownFileType = sourcecode.c.h; path = BuildsViewController.h; sourceTree = "<group>"; };
		B848438815995DE700995337 /* BuildsViewController.m */ = {isa = PBXFileReference; fileEncoding = 4; lastKnownFileType = sourcecode.c.objc; path = BuildsViewController.m; sourceTree = "<group>"; };
		B848438915995DE700995337 /* BuildsViewController.xib */ = {isa = PBXFileReference; fileEncoding = 4; lastKnownFileType = file.xib; path = BuildsViewController.xib; sourceTree = "<group>"; };
		B848438D1599652000995337 /* ErrorsViewController.h */ = {isa = PBXFileReference; fileEncoding = 4; lastKnownFileType = sourcecode.c.h; path = ErrorsViewController.h; sourceTree = "<group>"; };
		B848438E1599652000995337 /* ErrorsViewController.m */ = {isa = PBXFileReference; fileEncoding = 4; lastKnownFileType = sourcecode.c.objc; path = ErrorsViewController.m; sourceTree = "<group>"; };
		B848438F1599652000995337 /* ErrorsViewController.xib */ = {isa = PBXFileReference; fileEncoding = 4; lastKnownFileType = file.xib; path = ErrorsViewController.xib; sourceTree = "<group>"; };
		B8484392159966BA00995337 /* CollaboratorsViewController.h */ = {isa = PBXFileReference; fileEncoding = 4; lastKnownFileType = sourcecode.c.h; path = CollaboratorsViewController.h; sourceTree = "<group>"; };
		B8484393159966BA00995337 /* CollaboratorsViewController.m */ = {isa = PBXFileReference; fileEncoding = 4; lastKnownFileType = sourcecode.c.objc; path = CollaboratorsViewController.m; sourceTree = "<group>"; };
		B8484394159966BA00995337 /* CollaboratorsViewController.xib */ = {isa = PBXFileReference; fileEncoding = 4; lastKnownFileType = file.xib; path = CollaboratorsViewController.xib; sourceTree = "<group>"; };
		B84843971599700A00995337 /* SelectedBuildViewController.h */ = {isa = PBXFileReference; fileEncoding = 4; lastKnownFileType = sourcecode.c.h; path = SelectedBuildViewController.h; sourceTree = "<group>"; };
		B84843981599700B00995337 /* SelectedBuildViewController.m */ = {isa = PBXFileReference; fileEncoding = 4; lastKnownFileType = sourcecode.c.objc; path = SelectedBuildViewController.m; sourceTree = "<group>"; };
		B84843991599700B00995337 /* SelectedBuildViewController.xib */ = {isa = PBXFileReference; fileEncoding = 4; lastKnownFileType = file.xib; path = SelectedBuildViewController.xib; sourceTree = "<group>"; };
		B848439E159972D900995337 /* PXComponentKit.framework */ = {isa = PBXFileReference; lastKnownFileType = wrapper.framework; path = PXComponentKit.framework; sourceTree = "<group>"; };
		B848439F159972D900995337 /* PXShapeKit.framework */ = {isa = PBXFileReference; lastKnownFileType = wrapper.framework; path = PXShapeKit.framework; sourceTree = "<group>"; };
		B84843A3159978D300995337 /* Blue.png */ = {isa = PBXFileReference; lastKnownFileType = image.png; name = Blue.png; path = ../Pods/Blue.png; sourceTree = "<group>"; };
		B84843A4159978D300995337 /* Blue@2x.png */ = {isa = PBXFileReference; lastKnownFileType = image.png; name = "Blue@2x.png"; path = "../Pods/Blue@2x.png"; sourceTree = "<group>"; };
		B84843A5159978D300995337 /* MKInfoPanel.xib */ = {isa = PBXFileReference; fileEncoding = 4; lastKnownFileType = file.xib; name = MKInfoPanel.xib; path = ../Pods/MKInfoPanel.xib; sourceTree = "<group>"; };
		B84843A6159978D300995337 /* Red.png */ = {isa = PBXFileReference; lastKnownFileType = image.png; name = Red.png; path = ../Pods/Red.png; sourceTree = "<group>"; };
		B84843A7159978D300995337 /* Red@2x.png */ = {isa = PBXFileReference; lastKnownFileType = image.png; name = "Red@2x.png"; path = "../Pods/Red@2x.png"; sourceTree = "<group>"; };
		B84843A8159978D300995337 /* Tick.png */ = {isa = PBXFileReference; lastKnownFileType = image.png; name = Tick.png; path = ../Pods/Tick.png; sourceTree = "<group>"; };
		B84843A9159978D300995337 /* Tick@2x.png */ = {isa = PBXFileReference; lastKnownFileType = image.png; name = "Tick@2x.png"; path = "../Pods/Tick@2x.png"; sourceTree = "<group>"; };
		B84843AA159978D300995337 /* Warning.png */ = {isa = PBXFileReference; lastKnownFileType = image.png; name = Warning.png; path = ../Pods/Warning.png; sourceTree = "<group>"; };
		B84843AB159978D300995337 /* Warning@2x.png */ = {isa = PBXFileReference; lastKnownFileType = image.png; name = "Warning@2x.png"; path = "../Pods/Warning@2x.png"; sourceTree = "<group>"; };
		B89ADAEA15941F37000143D0 /* NewAppViewController.h */ = {isa = PBXFileReference; fileEncoding = 4; lastKnownFileType = sourcecode.c.h; path = NewAppViewController.h; sourceTree = "<group>"; };
		B89ADAEB15941F37000143D0 /* NewAppViewController.m */ = {isa = PBXFileReference; fileEncoding = 4; lastKnownFileType = sourcecode.c.objc; path = NewAppViewController.m; sourceTree = "<group>"; };
		B89ADAEC15941F37000143D0 /* NewAppViewController.xib */ = {isa = PBXFileReference; fileEncoding = 4; lastKnownFileType = file.xib; path = NewAppViewController.xib; sourceTree = "<group>"; };
/* End PBXFileReference section */

/* Begin PBXFrameworksBuildPhase section */
		B8229F20159179E2006AEE53 /* Frameworks */ = {
			isa = PBXFrameworksBuildPhase;
			buildActionMask = 2147483647;
			files = (
				B8229F5215917CB8006AEE53 /* QuartzCore.framework in Frameworks */,
				B8229F28159179E2006AEE53 /* UIKit.framework in Frameworks */,
				B8229F2A159179E2006AEE53 /* Foundation.framework in Frameworks */,
				B8229F2C159179E2006AEE53 /* CoreGraphics.framework in Frameworks */,
				A8D37657C7C74728B47D943D /* libPods.a in Frameworks */,
				B84843A0159972D900995337 /* PXComponentKit.framework in Frameworks */,
				B84843A1159972D900995337 /* PXShapeKit.framework in Frameworks */,
			);
			runOnlyForDeploymentPostprocessing = 0;
		};
/* End PBXFrameworksBuildPhase section */

/* Begin PBXGroup section */
		B8229F18159179E2006AEE53 = {
			isa = PBXGroup;
			children = (
				B8229F2D159179E2006AEE53 /* AHToolbox */,
				B8229F26159179E2006AEE53 /* Frameworks */,
				B8229F24159179E2006AEE53 /* Products */,
				9B12595EE8ED48FC8B726C36 /* Pods.xcconfig */,
			);
			sourceTree = "<group>";
		};
		B8229F24159179E2006AEE53 /* Products */ = {
			isa = PBXGroup;
			children = (
				B8229F23159179E2006AEE53 /* AHToolbox.app */,
			);
			name = Products;
			sourceTree = "<group>";
		};
		B8229F26159179E2006AEE53 /* Frameworks */ = {
			isa = PBXGroup;
			children = (
				B848439E159972D900995337 /* PXComponentKit.framework */,
				B848439F159972D900995337 /* PXShapeKit.framework */,
				B8229F5115917CB8006AEE53 /* QuartzCore.framework */,
				B8229F27159179E2006AEE53 /* UIKit.framework */,
				B8229F29159179E2006AEE53 /* Foundation.framework */,
				B8229F2B159179E2006AEE53 /* CoreGraphics.framework */,
				42D5F178D953411FBD943C39 /* libPods.a */,
			);
			name = Frameworks;
			sourceTree = "<group>";
		};
		B8229F2D159179E2006AEE53 /* AHToolbox */ = {
			isa = PBXGroup;
			children = (
				B84843A2159978C400995337 /* Resources */,
				B822DC761592CD9C0041E429 /* Domain */,
				B8229F4E15917B48006AEE53 /* Helpers */,
				B8229F4D15917B42006AEE53 /* Xib */,
				B8229F4B15917B3A006AEE53 /* ViewControllers */,
				B8229F36159179E2006AEE53 /* AppDelegate.h */,
				B8229F37159179E2006AEE53 /* AppDelegate.m */,
				B8229F2E159179E2006AEE53 /* Supporting Files */,
			);
			path = AHToolbox;
			sourceTree = "<group>";
		};
		B8229F2E159179E2006AEE53 /* Supporting Files */ = {
			isa = PBXGroup;
			children = (
				B8229F2F159179E2006AEE53 /* AHToolbox-Info.plist */,
				B8229F30159179E2006AEE53 /* InfoPlist.strings */,
				B8229F33159179E2006AEE53 /* main.m */,
				B8229F35159179E2006AEE53 /* AHToolbox-Prefix.pch */,
			);
			name = "Supporting Files";
			sourceTree = "<group>";
		};
		B8229F4B15917B3A006AEE53 /* ViewControllers */ = {
			isa = PBXGroup;
			children = (
				B822DC661592C0EE0041E429 /* RevealViewController.h */,
				B822DC671592C0EE0041E429 /* RevealViewController.m */,
				B822DC691592CB020041E429 /* ApplicationMenuViewController.h */,
				B822DC6A1592CB020041E429 /* ApplicationMenuViewController.m */,
				B822DC6E1592CB210041E429 /* SelectedApplicationViewController.h */,
				B822DC6F1592CB210041E429 /* SelectedApplicationViewController.m */,
				B89ADAEA15941F37000143D0 /* NewAppViewController.h */,
				B89ADAEB15941F37000143D0 /* NewAppViewController.m */,
				B848438715995DE700995337 /* BuildsViewController.h */,
				B848438815995DE700995337 /* BuildsViewController.m */,
				B848438D1599652000995337 /* ErrorsViewController.h */,
				B848438E1599652000995337 /* ErrorsViewController.m */,
				B8484392159966BA00995337 /* CollaboratorsViewController.h */,
				B8484393159966BA00995337 /* CollaboratorsViewController.m */,
				B84843971599700A00995337 /* SelectedBuildViewController.h */,
				B84843981599700B00995337 /* SelectedBuildViewController.m */,
			);
			name = ViewControllers;
			sourceTree = "<group>";
		};
		B8229F4D15917B42006AEE53 /* Xib */ = {
			isa = PBXGroup;
			children = (
				B822DC701592CB220041E429 /* SelectedApplicationViewController.xib */,
				B822DC6B1592CB020041E429 /* ApplicationMenuViewController.xib */,
				B89ADAEC15941F37000143D0 /* NewAppViewController.xib */,
				B848438915995DE700995337 /* BuildsViewController.xib */,
				B848438F1599652000995337 /* ErrorsViewController.xib */,
				B8484394159966BA00995337 /* CollaboratorsViewController.xib */,
				B84843991599700B00995337 /* SelectedBuildViewController.xib */,
			);
			name = Xib;
			sourceTree = "<group>";
		};
		B8229F4E15917B48006AEE53 /* Helpers */ = {
			isa = PBXGroup;
			children = (
				B8229F4F15917B8F006AEE53 /* Macros.h */,
				B8229F5015917B9B006AEE53 /* Const.h */,
				B8229F62159181DF006AEE53 /* AHAPIClient.h */,
				B8229F63159181DF006AEE53 /* AHAPIClient.m */,
				B8229F65159184CE006AEE53 /* URLParser.h */,
				B8229F66159184CE006AEE53 /* URLParser.m */,
			);
			name = Helpers;
			sourceTree = "<group>";
		};
		B822DC761592CD9C0041E429 /* Domain */ = {
			isa = PBXGroup;
			children = (
				B822DC731592CD910041E429 /* AHDomainObject.h */,
				B822DC771592CE330041E429 /* Application.h */,
				B822DC781592CE330041E429 /* Application.m */,
			);
			name = Domain;
			sourceTree = "<group>";
		};
		B84843A2159978C400995337 /* Resources */ = {
			isa = PBXGroup;
			children = (
				B84843A3159978D300995337 /* Blue.png */,
				B84843A4159978D300995337 /* Blue@2x.png */,
				B84843A5159978D300995337 /* MKInfoPanel.xib */,
				B84843A6159978D300995337 /* Red.png */,
				B84843A7159978D300995337 /* Red@2x.png */,
				B84843A8159978D300995337 /* Tick.png */,
				B84843A9159978D300995337 /* Tick@2x.png */,
				B84843AA159978D300995337 /* Warning.png */,
				B84843AB159978D300995337 /* Warning@2x.png */,
			);
			name = Resources;
			sourceTree = "<group>";
		};
/* End PBXGroup section */

/* Begin PBXNativeTarget section */
		B8229F22159179E2006AEE53 /* AHToolbox */ = {
			isa = PBXNativeTarget;
			buildConfigurationList = B8229F41159179E2006AEE53 /* Build configuration list for PBXNativeTarget "AHToolbox" */;
			buildPhases = (
				B8229F1F159179E2006AEE53 /* Sources */,
				B8229F20159179E2006AEE53 /* Frameworks */,
				B8229F21159179E2006AEE53 /* Resources */,
				DFCD0AFE496F4EFE81C42FE7 /* Copy Pods Resources */,
			);
			buildRules = (
			);
			dependencies = (
			);
			name = AHToolbox;
			productName = AHToolbox;
			productReference = B8229F23159179E2006AEE53 /* AHToolbox.app */;
			productType = "com.apple.product-type.application";
		};
/* End PBXNativeTarget section */

/* Begin PBXProject section */
		B8229F1A159179E2006AEE53 /* Project object */ = {
			isa = PBXProject;
			attributes = {
				LastUpgradeCheck = 0430;
			};
			buildConfigurationList = B8229F1D159179E2006AEE53 /* Build configuration list for PBXProject "AHToolbox" */;
			compatibilityVersion = "Xcode 3.2";
			developmentRegion = English;
			hasScannedForEncodings = 0;
			knownRegions = (
				en,
			);
			mainGroup = B8229F18159179E2006AEE53;
			productRefGroup = B8229F24159179E2006AEE53 /* Products */;
			projectDirPath = "";
			projectRoot = "";
			targets = (
				B8229F22159179E2006AEE53 /* AHToolbox */,
			);
		};
/* End PBXProject section */

/* Begin PBXResourcesBuildPhase section */
		B8229F21159179E2006AEE53 /* Resources */ = {
			isa = PBXResourcesBuildPhase;
			buildActionMask = 2147483647;
			files = (
				B8229F32159179E2006AEE53 /* InfoPlist.strings in Resources */,
				B822DC6D1592CB020041E429 /* ApplicationMenuViewController.xib in Resources */,
				B822DC721592CB220041E429 /* SelectedApplicationViewController.xib in Resources */,
				B89ADAEE15941F37000143D0 /* NewAppViewController.xib in Resources */,
				B848438B15995DE700995337 /* BuildsViewController.xib in Resources */,
				B84843911599652100995337 /* ErrorsViewController.xib in Resources */,
				B8484396159966BA00995337 /* CollaboratorsViewController.xib in Resources */,
				B848439B1599700B00995337 /* SelectedBuildViewController.xib in Resources */,
				B84843AC159978D300995337 /* Blue.png in Resources */,
				B84843AD159978D300995337 /* Blue@2x.png in Resources */,
				B84843AE159978D300995337 /* MKInfoPanel.xib in Resources */,
				B84843AF159978D300995337 /* Red.png in Resources */,
				B84843B0159978D300995337 /* Red@2x.png in Resources */,
				B84843B1159978D300995337 /* Tick.png in Resources */,
				B84843B2159978D300995337 /* Tick@2x.png in Resources */,
				B84843B3159978D300995337 /* Warning.png in Resources */,
				B84843B4159978D300995337 /* Warning@2x.png in Resources */,
			);
			runOnlyForDeploymentPostprocessing = 0;
		};
/* End PBXResourcesBuildPhase section */

/* Begin PBXShellScriptBuildPhase section */
		DFCD0AFE496F4EFE81C42FE7 /* Copy Pods Resources */ = {
			isa = PBXShellScriptBuildPhase;
			buildActionMask = 2147483647;
			files = (
			);
			inputPaths = (
			);
			name = "Copy Pods Resources";
			outputPaths = (
			);
			runOnlyForDeploymentPostprocessing = 0;
			shellPath = /bin/sh;
			shellScript = "\"${SRCROOT}/Pods/Pods-resources.sh\"\n";
		};
/* End PBXShellScriptBuildPhase section */

/* Begin PBXSourcesBuildPhase section */
		B8229F1F159179E2006AEE53 /* Sources */ = {
			isa = PBXSourcesBuildPhase;
			buildActionMask = 2147483647;
			files = (
				B8229F34159179E2006AEE53 /* main.m in Sources */,
				B8229F38159179E2006AEE53 /* AppDelegate.m in Sources */,
				B8229F64159181DF006AEE53 /* AHAPIClient.m in Sources */,
				B8229F67159184CE006AEE53 /* URLParser.m in Sources */,
				B822DC681592C0EE0041E429 /* RevealViewController.m in Sources */,
				B822DC6C1592CB020041E429 /* ApplicationMenuViewController.m in Sources */,
				B822DC711592CB220041E429 /* SelectedApplicationViewController.m in Sources */,
				B822DC791592CE330041E429 /* Application.m in Sources */,
				B89ADAED15941F37000143D0 /* NewAppViewController.m in Sources */,
				B848438A15995DE700995337 /* BuildsViewController.m in Sources */,
				B84843901599652100995337 /* ErrorsViewController.m in Sources */,
				B8484395159966BA00995337 /* CollaboratorsViewController.m in Sources */,
				B848439A1599700B00995337 /* SelectedBuildViewController.m in Sources */,
			);
			runOnlyForDeploymentPostprocessing = 0;
		};
/* End PBXSourcesBuildPhase section */

/* Begin PBXVariantGroup section */
		B8229F30159179E2006AEE53 /* InfoPlist.strings */ = {
			isa = PBXVariantGroup;
			children = (
				B8229F31159179E2006AEE53 /* en */,
			);
			name = InfoPlist.strings;
			sourceTree = "<group>";
		};
/* End PBXVariantGroup section */

/* Begin XCBuildConfiguration section */
		B8229F3F159179E2006AEE53 /* Debug */ = {
			isa = XCBuildConfiguration;
			buildSettings = {
				ALWAYS_SEARCH_USER_PATHS = NO;
				ARCHS = "$(ARCHS_STANDARD_32_BIT)";
				CLANG_ENABLE_OBJC_ARC = YES;
				"CODE_SIGN_IDENTITY[sdk=iphoneos*]" = "iPhone Developer";
				COPY_PHASE_STRIP = NO;
				GCC_C_LANGUAGE_STANDARD = gnu99;
				GCC_DYNAMIC_NO_PIC = NO;
				GCC_OPTIMIZATION_LEVEL = 0;
				GCC_PREPROCESSOR_DEFINITIONS = (
					"DEBUG=1",
					"$(inherited)",
				);
				GCC_SYMBOLS_PRIVATE_EXTERN = NO;
				GCC_VERSION = com.apple.compilers.llvm.clang.1_0;
				GCC_WARN_ABOUT_RETURN_TYPE = YES;
				GCC_WARN_UNINITIALIZED_AUTOS = YES;
				GCC_WARN_UNUSED_VARIABLE = YES;
				IPHONEOS_DEPLOYMENT_TARGET = 5.1;
				SDKROOT = iphoneos;
			};
			name = Debug;
		};
		B8229F40159179E2006AEE53 /* Release */ = {
			isa = XCBuildConfiguration;
			buildSettings = {
				ALWAYS_SEARCH_USER_PATHS = NO;
				ARCHS = "$(ARCHS_STANDARD_32_BIT)";
				CLANG_ENABLE_OBJC_ARC = YES;
				"CODE_SIGN_IDENTITY[sdk=iphoneos*]" = "iPhone Developer";
				COPY_PHASE_STRIP = YES;
				GCC_C_LANGUAGE_STANDARD = gnu99;
				GCC_VERSION = com.apple.compilers.llvm.clang.1_0;
				GCC_WARN_ABOUT_RETURN_TYPE = YES;
				GCC_WARN_UNINITIALIZED_AUTOS = YES;
				GCC_WARN_UNUSED_VARIABLE = YES;
				IPHONEOS_DEPLOYMENT_TARGET = 5.1;
				OTHER_CFLAGS = "-DNS_BLOCK_ASSERTIONS=1";
				SDKROOT = iphoneos;
				VALIDATE_PRODUCT = YES;
			};
			name = Release;
		};
		B8229F42159179E2006AEE53 /* Debug */ = {
			isa = XCBuildConfiguration;
			baseConfigurationReference = 9B12595EE8ED48FC8B726C36 /* Pods.xcconfig */;
			buildSettings = {
				DSTROOT = /tmp/xcodeproj.dst;
				FRAMEWORK_SEARCH_PATHS = (
					"$(inherited)",
					"\"$(SRCROOT)\"",
				);
				GCC_PRECOMPILE_PREFIX_HEADER = YES;
				GCC_PREFIX_HEADER = "AHToolbox/AHToolbox-Prefix.pch";
				GCC_VERSION = com.apple.compilers.llvm.clang.1_0;
				INFOPLIST_FILE = "AHToolbox/AHToolbox-Info.plist";
				PRODUCT_NAME = "$(TARGET_NAME)";
				SKIP_INSTALL = YES;
				WRAPPER_EXTENSION = app;
			};
			name = Debug;
		};
		B8229F43159179E2006AEE53 /* Release */ = {
			isa = XCBuildConfiguration;
			baseConfigurationReference = 9B12595EE8ED48FC8B726C36 /* Pods.xcconfig */;
			buildSettings = {
				DSTROOT = /tmp/xcodeproj.dst;
				FRAMEWORK_SEARCH_PATHS = (
					"$(inherited)",
					"\"$(SRCROOT)\"",
				);
				GCC_PRECOMPILE_PREFIX_HEADER = YES;
				GCC_PREFIX_HEADER = "AHToolbox/AHToolbox-Prefix.pch";
				GCC_VERSION = com.apple.compilers.llvm.clang.1_0;
				INFOPLIST_FILE = "AHToolbox/AHToolbox-Info.plist";
				PRODUCT_NAME = "$(TARGET_NAME)";
				SKIP_INSTALL = YES;
				WRAPPER_EXTENSION = app;
			};
			name = Release;
		};
/* End XCBuildConfiguration section */

/* Begin XCConfigurationList section */
		B8229F1D159179E2006AEE53 /* Build configuration list for PBXProject "AHToolbox" */ = {
			isa = XCConfigurationList;
			buildConfigurations = (
				B8229F3F159179E2006AEE53 /* Debug */,
				B8229F40159179E2006AEE53 /* Release */,
			);
			defaultConfigurationIsVisible = 0;
			defaultConfigurationName = Release;
		};
		B8229F41159179E2006AEE53 /* Build configuration list for PBXNativeTarget "AHToolbox" */ = {
			isa = XCConfigurationList;
			buildConfigurations = (
				B8229F42159179E2006AEE53 /* Debug */,
				B8229F43159179E2006AEE53 /* Release */,
			);
			defaultConfigurationIsVisible = 0;
			defaultConfigurationName = Release;
		};
/* End XCConfigurationList section */
	};
	rootObject = B8229F1A159179E2006AEE53 /* Project object */;
}
